// !$*UTF8*$!
{
	archiveVersion = 1;
	classes = {
	};
	objectVersion = 55;
	objects = {

/* Begin PBXBuildFile section */
		E40359082809F82700B6BCE5 /* Landmark.swift in Sources */ = {isa = PBXBuildFile; fileRef = E40359072809F82700B6BCE5 /* Landmark.swift */; };
		E403590A2809FA6200B6BCE5 /* ModelData.swift in Sources */ = {isa = PBXBuildFile; fileRef = E40359092809FA6200B6BCE5 /* ModelData.swift */; };
		E40359122809FE0600B6BCE5 /* landmarkData.json in Resources */ = {isa = PBXBuildFile; fileRef = E40359112809FE0600B6BCE5 /* landmarkData.json */; };
		E40359142809FEE800B6BCE5 /* CircleImageUI.swift in Sources */ = {isa = PBXBuildFile; fileRef = E40359132809FEE800B6BCE5 /* CircleImageUI.swift */; };
		E40359182809FF9300B6BCE5 /* LandmarkRowUI.swift in Sources */ = {isa = PBXBuildFile; fileRef = E40359172809FF9300B6BCE5 /* LandmarkRowUI.swift */; };
		E403591A280A011D00B6BCE5 /* LandmarkListUI.swift in Sources */ = {isa = PBXBuildFile; fileRef = E4035919280A011D00B6BCE5 /* LandmarkListUI.swift */; };
		E403591C280A0A9600B6BCE5 /* LandmarkDetailUI.swift in Sources */ = {isa = PBXBuildFile; fileRef = E403591B280A0A9600B6BCE5 /* LandmarkDetailUI.swift */; };
		E403591E280A1A1200B6BCE5 /* FavoriteButtonUI.swift in Sources */ = {isa = PBXBuildFile; fileRef = E403591D280A1A1200B6BCE5 /* FavoriteButtonUI.swift */; };
		E428A58528050D3A00D67A86 /* LocationsSwiftUIApp.swift in Sources */ = {isa = PBXBuildFile; fileRef = E428A58428050D3A00D67A86 /* LocationsSwiftUIApp.swift */; };
		E428A58928050D3B00D67A86 /* Assets.xcassets in Resources */ = {isa = PBXBuildFile; fileRef = E428A58828050D3B00D67A86 /* Assets.xcassets */; };
		E428A58C28050D3B00D67A86 /* Preview Assets.xcassets in Resources */ = {isa = PBXBuildFile; fileRef = E428A58B28050D3B00D67A86 /* Preview Assets.xcassets */; };
		E428A597280515A000D67A86 /* MapUI.swift in Sources */ = {isa = PBXBuildFile; fileRef = E428A596280515A000D67A86 /* MapUI.swift */; };
/* End PBXBuildFile section */

/* Begin PBXFileReference section */
		E40359072809F82700B6BCE5 /* Landmark.swift */ = {isa = PBXFileReference; lastKnownFileType = sourcecode.swift; path = Landmark.swift; sourceTree = "<group>"; };
		E40359092809FA6200B6BCE5 /* ModelData.swift */ = {isa = PBXFileReference; lastKnownFileType = sourcecode.swift; path = ModelData.swift; sourceTree = "<group>"; };
		E40359112809FE0600B6BCE5 /* landmarkData.json */ = {isa = PBXFileReference; fileEncoding = 4; lastKnownFileType = text.json; path = landmarkData.json; sourceTree = "<group>"; };
		E40359132809FEE800B6BCE5 /* CircleImageUI.swift */ = {isa = PBXFileReference; fileEncoding = 4; lastKnownFileType = sourcecode.swift; path = CircleImageUI.swift; sourceTree = "<group>"; };
		E40359172809FF9300B6BCE5 /* LandmarkRowUI.swift */ = {isa = PBXFileReference; lastKnownFileType = sourcecode.swift; path = LandmarkRowUI.swift; sourceTree = "<group>"; };
		E4035919280A011D00B6BCE5 /* LandmarkListUI.swift */ = {isa = PBXFileReference; lastKnownFileType = sourcecode.swift; path = LandmarkListUI.swift; sourceTree = "<group>"; };
		E403591B280A0A9600B6BCE5 /* LandmarkDetailUI.swift */ = {isa = PBXFileReference; lastKnownFileType = sourcecode.swift; path = LandmarkDetailUI.swift; sourceTree = "<group>"; };
		E403591D280A1A1200B6BCE5 /* FavoriteButtonUI.swift */ = {isa = PBXFileReference; lastKnownFileType = sourcecode.swift; path = FavoriteButtonUI.swift; sourceTree = "<group>"; };
		E428A58128050D3A00D67A86 /* LocationsSwiftUI.app */ = {isa = PBXFileReference; explicitFileType = wrapper.application; includeInIndex = 0; path = LocationsSwiftUI.app; sourceTree = BUILT_PRODUCTS_DIR; };
		E428A58428050D3A00D67A86 /* LocationsSwiftUIApp.swift */ = {isa = PBXFileReference; lastKnownFileType = sourcecode.swift; path = LocationsSwiftUIApp.swift; sourceTree = "<group>"; };
		E428A58828050D3B00D67A86 /* Assets.xcassets */ = {isa = PBXFileReference; lastKnownFileType = folder.assetcatalog; path = Assets.xcassets; sourceTree = "<group>"; };
		E428A58B28050D3B00D67A86 /* Preview Assets.xcassets */ = {isa = PBXFileReference; lastKnownFileType = folder.assetcatalog; path = "Preview Assets.xcassets"; sourceTree = "<group>"; };
		E428A596280515A000D67A86 /* MapUI.swift */ = {isa = PBXFileReference; lastKnownFileType = sourcecode.swift; path = MapUI.swift; sourceTree = "<group>"; };
/* End PBXFileReference section */

/* Begin PBXFrameworksBuildPhase section */
		E428A57E28050D3A00D67A86 /* Frameworks */ = {
			isa = PBXFrameworksBuildPhase;
			buildActionMask = 2147483647;
			files = (
			);
			runOnlyForDeploymentPostprocessing = 0;
		};
/* End PBXFrameworksBuildPhase section */

/* Begin PBXGroup section */
		E403590B2809FD1500B6BCE5 /* Model */ = {
			isa = PBXGroup;
			children = (
				E40359072809F82700B6BCE5 /* Landmark.swift */,
				E40359092809FA6200B6BCE5 /* ModelData.swift */,
			);
			path = Model;
			sourceTree = "<group>";
		};
		E403590D2809FDAC00B6BCE5 /* UI */ = {
			isa = PBXGroup;
			children = (
				E428A596280515A000D67A86 /* MapUI.swift */,
				E40359132809FEE800B6BCE5 /* CircleImageUI.swift */,
				E40359172809FF9300B6BCE5 /* LandmarkRowUI.swift */,
				E4035919280A011D00B6BCE5 /* LandmarkListUI.swift */,
				E403591B280A0A9600B6BCE5 /* LandmarkDetailUI.swift */,
				E403591D280A1A1200B6BCE5 /* FavoriteButtonUI.swift */,
			);
			path = UI;
			sourceTree = "<group>";
		};
		E40359102809FDF000B6BCE5 /* Resource */ = {
			isa = PBXGroup;
			children = (
				E40359112809FE0600B6BCE5 /* landmarkData.json */,
			);
			path = Resource;
			sourceTree = "<group>";
		};
		E428A57828050D3A00D67A86 = {
			isa = PBXGroup;
			children = (
				E428A58328050D3A00D67A86 /* LocationsSwiftUI */,
				E428A58228050D3A00D67A86 /* Products */,
			);
			sourceTree = "<group>";
		};
		E428A58228050D3A00D67A86 /* Products */ = {
			isa = PBXGroup;
			children = (
				E428A58128050D3A00D67A86 /* LocationsSwiftUI.app */,
			);
			name = Products;
			sourceTree = "<group>";
		};
		E428A58328050D3A00D67A86 /* LocationsSwiftUI */ = {
			isa = PBXGroup;
			children = (
				E40359102809FDF000B6BCE5 /* Resource */,
				E403590B2809FD1500B6BCE5 /* Model */,
				E403590D2809FDAC00B6BCE5 /* UI */,
				E428A58428050D3A00D67A86 /* LocationsSwiftUIApp.swift */,
				E428A58828050D3B00D67A86 /* Assets.xcassets */,
				E428A58A28050D3B00D67A86 /* Preview Content */,
			);
			path = LocationsSwiftUI;
			sourceTree = "<group>";
		};
		E428A58A28050D3B00D67A86 /* Preview Content */ = {
			isa = PBXGroup;
			children = (
				E428A58B28050D3B00D67A86 /* Preview Assets.xcassets */,
			);
			path = "Preview Content";
			sourceTree = "<group>";
		};
/* End PBXGroup section */

/* Begin PBXNativeTarget section */
		E428A58028050D3A00D67A86 /* LocationsSwiftUI */ = {
			isa = PBXNativeTarget;
			buildConfigurationList = E428A58F28050D3B00D67A86 /* Build configuration list for PBXNativeTarget "LocationsSwiftUI" */;
			buildPhases = (
				E428A57D28050D3A00D67A86 /* Sources */,
				E428A57E28050D3A00D67A86 /* Frameworks */,
				E428A57F28050D3A00D67A86 /* Resources */,
			);
			buildRules = (
			);
			dependencies = (
			);
			name = LocationsSwiftUI;
			productName = LocationsSwiftUI;
			productReference = E428A58128050D3A00D67A86 /* LocationsSwiftUI.app */;
			productType = "com.apple.product-type.application";
		};
/* End PBXNativeTarget section */

/* Begin PBXProject section */
		E428A57928050D3A00D67A86 /* Project object */ = {
			isa = PBXProject;
			attributes = {
				BuildIndependentTargetsInParallel = 1;
				LastSwiftUpdateCheck = 1330;
				LastUpgradeCheck = 1330;
				TargetAttributes = {
					E428A58028050D3A00D67A86 = {
						CreatedOnToolsVersion = 13.3;
					};
				};
			};
			buildConfigurationList = E428A57C28050D3A00D67A86 /* Build configuration list for PBXProject "LocationsSwiftUI" */;
			compatibilityVersion = "Xcode 13.0";
			developmentRegion = en;
			hasScannedForEncodings = 0;
			knownRegions = (
				en,
				Base,
			);
			mainGroup = E428A57828050D3A00D67A86;
			productRefGroup = E428A58228050D3A00D67A86 /* Products */;
			projectDirPath = "";
			projectRoot = "";
			targets = (
				E428A58028050D3A00D67A86 /* LocationsSwiftUI */,
			);
		};
/* End PBXProject section */

/* Begin PBXResourcesBuildPhase section */
		E428A57F28050D3A00D67A86 /* Resources */ = {
			isa = PBXResourcesBuildPhase;
			buildActionMask = 2147483647;
			files = (
				E428A58C28050D3B00D67A86 /* Preview Assets.xcassets in Resources */,
				E428A58928050D3B00D67A86 /* Assets.xcassets in Resources */,
				E40359122809FE0600B6BCE5 /* landmarkData.json in Resources */,
			);
			runOnlyForDeploymentPostprocessing = 0;
		};
/* End PBXResourcesBuildPhase section */

/* Begin PBXSourcesBuildPhase section */
		E428A57D28050D3A00D67A86 /* Sources */ = {
			isa = PBXSourcesBuildPhase;
			buildActionMask = 2147483647;
			files = (
				E428A597280515A000D67A86 /* MapUI.swift in Sources */,
				E428A58528050D3A00D67A86 /* LocationsSwiftUIApp.swift in Sources */,
				E403591A280A011D00B6BCE5 /* LandmarkListUI.swift in Sources */,
				E40359082809F82700B6BCE5 /* Landmark.swift in Sources */,
				E403591C280A0A9600B6BCE5 /* LandmarkDetailUI.swift in Sources */,
				E40359142809FEE800B6BCE5 /* CircleImageUI.swift in Sources */,
				E40359182809FF9300B6BCE5 /* LandmarkRowUI.swift in Sources */,
				E403590A2809FA6200B6BCE5 /* ModelData.swift in Sources */,
				E403591E280A1A1200B6BCE5 /* FavoriteButtonUI.swift in Sources */,
			);
			runOnlyForDeploymentPostprocessing = 0;
		};
/* End PBXSourcesBuildPhase section */

/* Begin XCBuildConfiguration section */
		E428A58D28050D3B00D67A86 /* Debug */ = {
			isa = XCBuildConfiguration;
			buildSettings = {
				ALWAYS_SEARCH_USER_PATHS = NO;
				CLANG_ANALYZER_NONNULL = YES;
				CLANG_ANALYZER_NUMBER_OBJECT_CONVERSION = YES_AGGRESSIVE;
				CLANG_CXX_LANGUAGE_STANDARD = "gnu++17";
				CLANG_ENABLE_MODULES = YES;
				CLANG_ENABLE_OBJC_ARC = YES;
				CLANG_ENABLE_OBJC_WEAK = YES;
				CLANG_WARN_BLOCK_CAPTURE_AUTORELEASING = YES;
				CLANG_WARN_BOOL_CONVERSION = YES;
				CLANG_WARN_COMMA = YES;
				CLANG_WARN_CONSTANT_CONVERSION = YES;
				CLANG_WARN_DEPRECATED_OBJC_IMPLEMENTATIONS = YES;
				CLANG_WARN_DIRECT_OBJC_ISA_USAGE = YES_ERROR;
				CLANG_WARN_DOCUMENTATION_COMMENTS = YES;
				CLANG_WARN_EMPTY_BODY = YES;
				CLANG_WARN_ENUM_CONVERSION = YES;
				CLANG_WARN_INFINITE_RECURSION = YES;
				CLANG_WARN_INT_CONVERSION = YES;
				CLANG_WARN_NON_LITERAL_NULL_CONVERSION = YES;
				CLANG_WARN_OBJC_IMPLICIT_RETAIN_SELF = YES;
				CLANG_WARN_OBJC_LITERAL_CONVERSION = YES;
				CLANG_WARN_OBJC_ROOT_CLASS = YES_ERROR;
				CLANG_WARN_QUOTED_INCLUDE_IN_FRAMEWORK_HEADER = YES;
				CLANG_WARN_RANGE_LOOP_ANALYSIS = YES;
				CLANG_WARN_STRICT_PROTOTYPES = YES;
				CLANG_WARN_SUSPICIOUS_MOVE = YES;
				CLANG_WARN_UNGUARDED_AVAILABILITY = YES_AGGRESSIVE;
				CLANG_WARN_UNREACHABLE_CODE = YES;
				CLANG_WARN__DUPLICATE_METHOD_MATCH = YES;
				COPY_PHASE_STRIP = NO;
				DEBUG_INFORMATION_FORMAT = dwarf;
				ENABLE_STRICT_OBJC_MSGSEND = YES;
				ENABLE_TESTABILITY = YES;
				GCC_C_LANGUAGE_STANDARD = gnu11;
				GCC_DYNAMIC_NO_PIC = NO;
				GCC_NO_COMMON_BLOCKS = YES;
				GCC_OPTIMIZATION_LEVEL = 0;
				GCC_PREPROCESSOR_DEFINITIONS = (
					"DEBUG=1",
					"$(inherited)",
				);
				GCC_WARN_64_TO_32_BIT_CONVERSION = YES;
				GCC_WARN_ABOUT_RETURN_TYPE = YES_ERROR;
				GCC_WARN_UNDECLARED_SELECTOR = YES;
				GCC_WARN_UNINITIALIZED_AUTOS = YES_AGGRESSIVE;
				GCC_WARN_UNUSED_FUNCTION = YES;
				GCC_WARN_UNUSED_VARIABLE = YES;
				IPHONEOS_DEPLOYMENT_TARGET = 15.4;
				MTL_ENABLE_DEBUG_INFO = INCLUDE_SOURCE;
				MTL_FAST_MATH = YES;
				ONLY_ACTIVE_ARCH = YES;
				SDKROOT = iphoneos;
				SWIFT_ACTIVE_COMPILATION_CONDITIONS = DEBUG;
				SWIFT_OPTIMIZATION_LEVEL = "-Onone";
			};
			name = Debug;
		};
		E428A58E28050D3B00D67A86 /* Release */ = {
			isa = XCBuildConfiguration;
			buildSettings = {
				ALWAYS_SEARCH_USER_PATHS = NO;
				CLANG_ANALYZER_NONNULL = YES;
				CLANG_ANALYZER_NUMBER_OBJECT_CONVERSION = YES_AGGRESSIVE;
				CLANG_CXX_LANGUAGE_STANDARD = "gnu++17";
				CLANG_ENABLE_MODULES = YES;
				CLANG_ENABLE_OBJC_ARC = YES;
				CLANG_ENABLE_OBJC_WEAK = YES;
				CLANG_WARN_BLOCK_CAPTURE_AUTORELEASING = YES;
				CLANG_WARN_BOOL_CONVERSION = YES;
				CLANG_WARN_COMMA = YES;
				CLANG_WARN_CONSTANT_CONVERSION = YES;
				CLANG_WARN_DEPRECATED_OBJC_IMPLEMENTATIONS = YES;
				CLANG_WARN_DIRECT_OBJC_ISA_USAGE = YES_ERROR;
				CLANG_WARN_DOCUMENTATION_COMMENTS = YES;
				CLANG_WARN_EMPTY_BODY = YES;
				CLANG_WARN_ENUM_CONVERSION = YES;
				CLANG_WARN_INFINITE_RECURSION = YES;
				CLANG_WARN_INT_CONVERSION = YES;
				CLANG_WARN_NON_LITERAL_NULL_CONVERSION = YES;
				CLANG_WARN_OBJC_IMPLICIT_RETAIN_SELF = YES;
				CLANG_WARN_OBJC_LITERAL_CONVERSION = YES;
				CLANG_WARN_OBJC_ROOT_CLASS = YES_ERROR;
				CLANG_WARN_QUOTED_INCLUDE_IN_FRAMEWORK_HEADER = YES;
				CLANG_WARN_RANGE_LOOP_ANALYSIS = YES;
				CLANG_WARN_STRICT_PROTOTYPES = YES;
				CLANG_WARN_SUSPICIOUS_MOVE = YES;
				CLANG_WARN_UNGUARDED_AVAILABILITY = YES_AGGRESSIVE;
				CLANG_WARN_UNREACHABLE_CODE = YES;
				CLANG_WARN__DUPLICATE_METHOD_MATCH = YES;
				COPY_PHASE_STRIP = NO;
				DEBUG_INFORMATION_FORMAT = "dwarf-with-dsym";
				ENABLE_NS_ASSERTIONS = NO;
				ENABLE_STRICT_OBJC_MSGSEND = YES;
				GCC_C_LANGUAGE_STANDARD = gnu11;
				GCC_NO_COMMON_BLOCKS = YES;
				GCC_WARN_64_TO_32_BIT_CONVERSION = YES;
				GCC_WARN_ABOUT_RETURN_TYPE = YES_ERROR;
				GCC_WARN_UNDECLARED_SELECTOR = YES;
				GCC_WARN_UNINITIALIZED_AUTOS = YES_AGGRESSIVE;
				GCC_WARN_UNUSED_FUNCTION = YES;
				GCC_WARN_UNUSED_VARIABLE = YES;
				IPHONEOS_DEPLOYMENT_TARGET = 15.4;
				MTL_ENABLE_DEBUG_INFO = NO;
				MTL_FAST_MATH = YES;
				SDKROOT = iphoneos;
				SWIFT_COMPILATION_MODE = wholemodule;
				SWIFT_OPTIMIZATION_LEVEL = "-O";
				VALIDATE_PRODUCT = YES;
			};
			name = Release;
		};
		E428A59028050D3B00D67A86 /* Debug */ = {
			isa = XCBuildConfiguration;
			buildSettings = {
				ASSETCATALOG_COMPILER_APPICON_NAME = AppIcon;
				ASSETCATALOG_COMPILER_GLOBAL_ACCENT_COLOR_NAME = AccentColor;
				CODE_SIGN_STYLE = Automatic;
				CURRENT_PROJECT_VERSION = 1;
				DEVELOPMENT_ASSET_PATHS = "\"LocationsSwiftUI/Preview Content\"";
				DEVELOPMENT_TEAM = PAY46QCZVF;
				ENABLE_PREVIEWS = YES;
				GENERATE_INFOPLIST_FILE = YES;
				INFOPLIST_KEY_UIApplicationSceneManifest_Generation = YES;
				INFOPLIST_KEY_UIApplicationSupportsIndirectInputEvents = YES;
				INFOPLIST_KEY_UILaunchScreen_Generation = YES;
				INFOPLIST_KEY_UISupportedInterfaceOrientations_iPad = "UIInterfaceOrientationPortrait UIInterfaceOrientationPortraitUpsideDown UIInterfaceOrientationLandscapeLeft UIInterfaceOrientationLandscapeRight";
				INFOPLIST_KEY_UISupportedInterfaceOrientations_iPhone = "UIInterfaceOrientationPortrait UIInterfaceOrientationLandscapeLeft UIInterfaceOrientationLandscapeRight";
				LD_RUNPATH_SEARCH_PATHS = (
					"$(inherited)",
					"@executable_path/Frameworks",
				);
				MARKETING_VERSION = 1.0;
				PRODUCT_BUNDLE_IDENTIFIER = armored.LocationsSwiftUI;
				PRODUCT_NAME = "$(TARGET_NAME)";
				SWIFT_EMIT_LOC_STRINGS = YES;
				SWIFT_VERSION = 5.0;
				TARGETED_DEVICE_FAMILY = "1,2";
			};
			name = Debug;
		};
		E428A59128050D3B00D67A86 /* Release */ = {
			isa = XCBuildConfiguration;
			buildSettings = {
				ASSETCATALOG_COMPILER_APPICON_NAME = AppIcon;
				ASSETCATALOG_COMPILER_GLOBAL_ACCENT_COLOR_NAME = AccentColor;
				CODE_SIGN_STYLE = Automatic;
				CURRENT_PROJECT_VERSION = 1;
				DEVELOPMENT_ASSET_PATHS = "\"LocationsSwiftUI/Preview Content\"";
				DEVELOPMENT_TEAM = PAY46QCZVF;
				ENABLE_PREVIEWS = YES;
				GENERATE_INFOPLIST_FILE = YES;
				INFOPLIST_KEY_UIApplicationSceneManifest_Generation = YES;
				INFOPLIST_KEY_UIApplicationSupportsIndirectInputEvents = YES;
				INFOPLIST_KEY_UILaunchScreen_Generation = YES;
				INFOPLIST_KEY_UISupportedInterfaceOrientations_iPad = "UIInterfaceOrientationPortrait UIInterfaceOrientationPortraitUpsideDown UIInterfaceOrientationLandscapeLeft UIInterfaceOrientationLandscapeRight";
				INFOPLIST_KEY_UISupportedInterfaceOrientations_iPhone = "UIInterfaceOrientationPortrait UIInterfaceOrientationLandscapeLeft UIInterfaceOrientationLandscapeRight";
				LD_RUNPATH_SEARCH_PATHS = (
					"$(inherited)",
					"@executable_path/Frameworks",
				);
				MARKETING_VERSION = 1.0;
				PRODUCT_BUNDLE_IDENTIFIER = armored.LocationsSwiftUI;
				PRODUCT_NAME = "$(TARGET_NAME)";
				SWIFT_EMIT_LOC_STRINGS = YES;
				SWIFT_VERSION = 5.0;
				TARGETED_DEVICE_FAMILY = "1,2";
			};
			name = Release;
		};
/* End XCBuildConfiguration section */

/* Begin XCConfigurationList section */
		E428A57C28050D3A00D67A86 /* Build configuration list for PBXProject "LocationsSwiftUI" */ = {
			isa = XCConfigurationList;
			buildConfigurations = (
				E428A58D28050D3B00D67A86 /* Debug */,
				E428A58E28050D3B00D67A86 /* Release */,
			);
			defaultConfigurationIsVisible = 0;
			defaultConfigurationName = Release;
		};
		E428A58F28050D3B00D67A86 /* Build configuration list for PBXNativeTarget "LocationsSwiftUI" */ = {
			isa = XCConfigurationList;
			buildConfigurations = (
				E428A59028050D3B00D67A86 /* Debug */,
				E428A59128050D3B00D67A86 /* Release */,
			);
			defaultConfigurationIsVisible = 0;
			defaultConfigurationName = Release;
		};
/* End XCConfigurationList section */
	};
	rootObject = E428A57928050D3A00D67A86 /* Project object */;
}
